
Microsoft Visual Studio Solution File, Format Version 12.00
# Visual Studio 15
VisualStudioVersion = 15.0.27703.2047
MinimumVisualStudioVersion = 10.0.40219.1
Project("{FAE04EC0-301F-11D3-BF4B-00C04F79EFBC}") = "MovieDbApp.Android", "MovieDbApp\MovieDbApp.Android\MovieDbApp.Android.csproj", "{3B741047-0EA9-4669-B907-E825816A07F9}"
EndProject
Project("{FAE04EC0-301F-11D3-BF4B-00C04F79EFBC}") = "MovieDbApp.iOS", "MovieDbApp\MovieDbApp.iOS\MovieDbApp.iOS.csproj", "{79E4B90E-5174-43CD-932C-C0A2DC7C2B5A}"
EndProject
Project("{FAE04EC0-301F-11D3-BF4B-00C04F79EFBC}") = "MovieDbApp", "MovieDbApp\MovieDbApp\MovieDbApp.csproj", "{84CB972C-158B-4114-8B4C-C33DCD4EA658}"
EndProject
Global
	GlobalSection(SolutionConfigurationPlatforms) = preSolution
		Ad-Hoc|Any CPU = Ad-Hoc|Any CPU
		Ad-Hoc|iPhone = Ad-Hoc|iPhone
		Ad-Hoc|iPhoneSimulator = Ad-Hoc|iPhoneSimulator
		AppStore|Any CPU = AppStore|Any CPU
		AppStore|iPhone = AppStore|iPhone
		AppStore|iPhoneSimulator = AppStore|iPhoneSimulator
		Debug|Any CPU = Debug|Any CPU
		Debug|iPhone = Debug|iPhone
		Debug|iPhoneSimulator = Debug|iPhoneSimulator
		Release|Any CPU = Release|Any CPU
		Release|iPhone = Release|iPhone
		Release|iPhoneSimulator = Release|iPhoneSimulator
	EndGlobalSection
	GlobalSection(ProjectConfigurationPlatforms) = postSolution
		{3B741047-0EA9-4669-B907-E825816A07F9}.Ad-Hoc|Any CPU.ActiveCfg = Release|Any CPU
		{3B741047-0EA9-4669-B907-E825816A07F9}.Ad-Hoc|Any CPU.Build.0 = Release|Any CPU
		{3B741047-0EA9-4669-B907-E825816A07F9}.Ad-Hoc|Any CPU.Deploy.0 = Release|Any CPU
		{3B741047-0EA9-4669-B907-E825816A07F9}.Ad-Hoc|iPhone.ActiveCfg = Release|Any CPU
		{3B741047-0EA9-4669-B907-E825816A07F9}.Ad-Hoc|iPhone.Build.0 = Release|Any CPU
		{3B741047-0EA9-4669-B907-E825816A07F9}.Ad-Hoc|iPhone.Deploy.0 = Release|Any CPU
		{3B741047-0EA9-4669-B907-E825816A07F9}.Ad-Hoc|iPhoneSimulator.ActiveCfg = Release|Any CPU
		{3B741047-0EA9-4669-B907-E825816A07F9}.Ad-Hoc|iPhoneSimulator.Build.0 = Release|Any CPU
		{3B741047-0EA9-4669-B907-E825816A07F9}.Ad-Hoc|iPhoneSimulator.Deploy.0 = Release|Any CPU
		{3B741047-0EA9-4669-B907-E825816A07F9}.AppStore|Any CPU.ActiveCfg = Release|Any CPU
		{3B741047-0EA9-4669-B907-E825816A07F9}.AppStore|Any CPU.Build.0 = Release|Any CPU
		{3B741047-0EA9-4669-B907-E825816A07F9}.AppStore|Any CPU.Deploy.0 = Release|Any CPU
		{3B741047-0EA9-4669-B907-E825816A07F9}.AppStore|iPhone.ActiveCfg = Release|Any CPU
		{3B741047-0EA9-4669-B907-E825816A07F9}.AppStore|iPhone.Build.0 = Release|Any CPU
		{3B741047-0EA9-4669-B907-E825816A07F9}.AppStore|iPhone.Deploy.0 = Release|Any CPU
		{3B741047-0EA9-4669-B907-E825816A07F9}.AppStore|iPhoneSimulator.ActiveCfg = Release|Any CPU
		{3B741047-0EA9-4669-B907-E825816A07F9}.AppStore|iPhoneSimulator.Build.0 = Release|Any CPU
		{3B741047-0EA9-4669-B907-E825816A07F9}.AppStore|iPhoneSimulator.Deploy.0 = Release|Any CPU
		{3B741047-0EA9-4669-B907-E825816A07F9}.Debug|Any CPU.ActiveCfg = Debug|Any CPU
		{3B741047-0EA9-4669-B907-E825816A07F9}.Debug|Any CPU.Build.0 = Debug|Any CPU
		{3B741047-0EA9-4669-B907-E825816A07F9}.Debug|Any CPU.Deploy.0 = Debug|Any CPU
		{3B741047-0EA9-4669-B907-E825816A07F9}.Debug|iPhone.ActiveCfg = Debug|Any CPU
		{3B741047-0EA9-4669-B907-E825816A07F9}.Debug|iPhone.Build.0 = Debug|Any CPU
		{3B741047-0EA9-4669-B907-E825816A07F9}.Debug|iPhone.Deploy.0 = Debug|Any CPU
		{3B741047-0EA9-4669-B907-E825816A07F9}.Debug|iPhoneSimulator.ActiveCfg = Debug|Any CPU
		{3B741047-0EA9-4669-B907-E825816A07F9}.Debug|iPhoneSimulator.Build.0 = Debug|Any CPU
		{3B741047-0EA9-4669-B907-E825816A07F9}.Debug|iPhoneSimulator.Deploy.0 = Debug|Any CPU
		{3B741047-0EA9-4669-B907-E825816A07F9}.Release|Any CPU.ActiveCfg = Release|Any CPU
		{3B741047-0EA9-4669-B907-E825816A07F9}.Release|Any CPU.Build.0 = Release|Any CPU
		{3B741047-0EA9-4669-B907-E825816A07F9}.Release|Any CPU.Deploy.0 = Release|Any CPU
		{3B741047-0EA9-4669-B907-E825816A07F9}.Release|iPhone.ActiveCfg = Release|Any CPU
		{3B741047-0EA9-4669-B907-E825816A07F9}.Release|iPhone.Build.0 = Release|Any CPU
		{3B741047-0EA9-4669-B907-E825816A07F9}.Release|iPhone.Deploy.0 = Release|Any CPU
		{3B741047-0EA9-4669-B907-E825816A07F9}.Release|iPhoneSimulator.ActiveCfg = Release|Any CPU
		{3B741047-0EA9-4669-B907-E825816A07F9}.Release|iPhoneSimulator.Build.0 = Release|Any CPU
		{3B741047-0EA9-4669-B907-E825816A07F9}.Release|iPhoneSimulator.Deploy.0 = Release|Any CPU
		{79E4B90E-5174-43CD-932C-C0A2DC7C2B5A}.Ad-Hoc|Any CPU.ActiveCfg = Ad-Hoc|iPhone
		{79E4B90E-5174-43CD-932C-C0A2DC7C2B5A}.Ad-Hoc|Any CPU.Build.0 = Ad-Hoc|iPhone
		{79E4B90E-5174-43CD-932C-C0A2DC7C2B5A}.Ad-Hoc|Any CPU.Deploy.0 = Ad-Hoc|iPhone
		{79E4B90E-5174-43CD-932C-C0A2DC7C2B5A}.Ad-Hoc|iPhone.ActiveCfg = Ad-Hoc|iPhone
		{79E4B90E-5174-43CD-932C-C0A2DC7C2B5A}.Ad-Hoc|iPhone.Build.0 = Ad-Hoc|iPhone
		{79E4B90E-5174-43CD-932C-C0A2DC7C2B5A}.Ad-Hoc|iPhone.Deploy.0 = Ad-Hoc|iPhone
		{79E4B90E-5174-43CD-932C-C0A2DC7C2B5A}.Ad-Hoc|iPhoneSimulator.ActiveCfg = Ad-Hoc|iPhoneSimulator
		{79E4B90E-5174-43CD-932C-C0A2DC7C2B5A}.Ad-Hoc|iPhoneSimulator.Build.0 = Ad-Hoc|iPhoneSimulator
		{79E4B90E-5174-43CD-932C-C0A2DC7C2B5A}.Ad-Hoc|iPhoneSimulator.Deploy.0 = Ad-Hoc|iPhoneSimulator
		{79E4B90E-5174-43CD-932C-C0A2DC7C2B5A}.AppStore|Any CPU.ActiveCfg = AppStore|iPhone
		{79E4B90E-5174-43CD-932C-C0A2DC7C2B5A}.AppStore|Any CPU.Build.0 = AppStore|iPhone
		{79E4B90E-5174-43CD-932C-C0A2DC7C2B5A}.AppStore|Any CPU.Deploy.0 = AppStore|iPhone
		{79E4B90E-5174-43CD-932C-C0A2DC7C2B5A}.AppStore|iPhone.ActiveCfg = AppStore|iPhone
		{79E4B90E-5174-43CD-932C-C0A2DC7C2B5A}.AppStore|iPhone.Build.0 = AppStore|iPhone
		{79E4B90E-5174-43CD-932C-C0A2DC7C2B5A}.AppStore|iPhone.Deploy.0 = AppStore|iPhone
		{79E4B90E-5174-43CD-932C-C0A2DC7C2B5A}.AppStore|iPhoneSimulator.ActiveCfg = AppStore|iPhoneSimulator
		{79E4B90E-5174-43CD-932C-C0A2DC7C2B5A}.AppStore|iPhoneSimulator.Build.0 = AppStore|iPhoneSimulator
		{79E4B90E-5174-43CD-932C-C0A2DC7C2B5A}.AppStore|iPhoneSimulator.Deploy.0 = AppStore|iPhoneSimulator
		{79E4B90E-5174-43CD-932C-C0A2DC7C2B5A}.Debug|Any CPU.ActiveCfg = Debug|iPhoneSimulator
		{79E4B90E-5174-43CD-932C-C0A2DC7C2B5A}.Debug|Any CPU.Build.0 = Debug|iPhoneSimulator
		{79E4B90E-5174-43CD-932C-C0A2DC7C2B5A}.Debug|Any CPU.Deploy.0 = Debug|iPhoneSimulator
		{79E4B90E-5174-43CD-932C-C0A2DC7C2B5A}.Debug|iPhone.ActiveCfg = Debug|iPhone
		{79E4B90E-5174-43CD-932C-C0A2DC7C2B5A}.Debug|iPhone.Build.0 = Debug|iPhone
		{79E4B90E-5174-43CD-932C-C0A2DC7C2B5A}.Debug|iPhone.Deploy.0 = Debug|iPhone
		{79E4B90E-5174-43CD-932C-C0A2DC7C2B5A}.Debug|iPhoneSimulator.ActiveCfg = Debug|iPhoneSimulator
		{79E4B90E-5174-43CD-932C-C0A2DC7C2B5A}.Debug|iPhoneSimulator.Build.0 = Debug|iPhoneSimulator
		{79E4B90E-5174-43CD-932C-C0A2DC7C2B5A}.Debug|iPhoneSimulator.Deploy.0 = Debug|iPhoneSimulator
		{79E4B90E-5174-43CD-932C-C0A2DC7C2B5A}.Release|Any CPU.ActiveCfg = Release|iPhone
		{79E4B90E-5174-43CD-932C-C0A2DC7C2B5A}.Release|Any CPU.Build.0 = Release|iPhone
		{79E4B90E-5174-43CD-932C-C0A2DC7C2B5A}.Release|Any CPU.Deploy.0 = Release|iPhone
		{79E4B90E-5174-43CD-932C-C0A2DC7C2B5A}.Release|iPhone.ActiveCfg = Release|iPhone
		{79E4B90E-5174-43CD-932C-C0A2DC7C2B5A}.Release|iPhone.Build.0 = Release|iPhone
		{79E4B90E-5174-43CD-932C-C0A2DC7C2B5A}.Release|iPhone.Deploy.0 = Release|iPhone
		{79E4B90E-5174-43CD-932C-C0A2DC7C2B5A}.Release|iPhoneSimulator.ActiveCfg = Release|iPhoneSimulator
		{79E4B90E-5174-43CD-932C-C0A2DC7C2B5A}.Release|iPhoneSimulator.Build.0 = Release|iPhoneSimulator
		{79E4B90E-5174-43CD-932C-C0A2DC7C2B5A}.Release|iPhoneSimulator.Deploy.0 = Release|iPhoneSimulator
		{84CB972C-158B-4114-8B4C-C33DCD4EA658}.Ad-Hoc|Any CPU.ActiveCfg = Debug|Any CPU
		{84CB972C-158B-4114-8B4C-C33DCD4EA658}.Ad-Hoc|Any CPU.Build.0 = Debug|Any CPU
		{84CB972C-158B-4114-8B4C-C33DCD4EA658}.Ad-Hoc|Any CPU.Deploy.0 = Debug|Any CPU
		{84CB972C-158B-4114-8B4C-C33DCD4EA658}.Ad-Hoc|iPhone.ActiveCfg = Debug|Any CPU
		{84CB972C-158B-4114-8B4C-C33DCD4EA658}.Ad-Hoc|iPhone.Build.0 = Debug|Any CPU
		{84CB972C-158B-4114-8B4C-C33DCD4EA658}.Ad-Hoc|iPhone.Deploy.0 = Debug|Any CPU
		{84CB972C-158B-4114-8B4C-C33DCD4EA658}.Ad-Hoc|iPhoneSimulator.ActiveCfg = Debug|Any CPU
		{84CB972C-158B-4114-8B4C-C33DCD4EA658}.Ad-Hoc|iPhoneSimulator.Build.0 = Debug|Any CPU
		{84CB972C-158B-4114-8B4C-C33DCD4EA658}.Ad-Hoc|iPhoneSimulator.Deploy.0 = Debug|Any CPU
		{84CB972C-158B-4114-8B4C-C33DCD4EA658}.AppStore|Any CPU.ActiveCfg = Debug|Any CPU
		{84CB972C-158B-4114-8B4C-C33DCD4EA658}.AppStore|Any CPU.Build.0 = Debug|Any CPU
		{84CB972C-158B-4114-8B4C-C33DCD4EA658}.AppStore|Any CPU.Deploy.0 = Debug|Any CPU
		{84CB972C-158B-4114-8B4C-C33DCD4EA658}.AppStore|iPhone.ActiveCfg = Debug|Any CPU
		{84CB972C-158B-4114-8B4C-C33DCD4EA658}.AppStore|iPhone.Build.0 = Debug|Any CPU
		{84CB972C-158B-4114-8B4C-C33DCD4EA658}.AppStore|iPhone.Deploy.0 = Debug|Any CPU
		{84CB972C-158B-4114-8B4C-C33DCD4EA658}.AppStore|iPhoneSimulator.ActiveCfg = Debug|Any CPU
		{84CB972C-158B-4114-8B4C-C33DCD4EA658}.AppStore|iPhoneSimulator.Build.0 = Debug|Any CPU
		{84CB972C-158B-4114-8B4C-C33DCD4EA658}.AppStore|iPhoneSimulator.Deploy.0 = Debug|Any CPU
		{84CB972C-158B-4114-8B4C-C33DCD4EA658}.Debug|Any CPU.ActiveCfg = Debug|Any CPU
		{84CB972C-158B-4114-8B4C-C33DCD4EA658}.Debug|Any CPU.Build.0 = Debug|Any CPU
		{84CB972C-158B-4114-8B4C-C33DCD4EA658}.Debug|Any CPU.Deploy.0 = Debug|Any CPU
		{84CB972C-158B-4114-8B4C-C33DCD4EA658}.Debug|iPhone.ActiveCfg = Debug|Any CPU
		{84CB972C-158B-4114-8B4C-C33DCD4EA658}.Debug|iPhone.Build.0 = Debug|Any CPU
		{84CB972C-158B-4114-8B4C-C33DCD4EA658}.Debug|iPhone.Deploy.0 = Debug|Any CPU
		{84CB972C-158B-4114-8B4C-C33DCD4EA658}.Debug|iPhoneSimulator.ActiveCfg = Debug|Any CPU
		{84CB972C-158B-4114-8B4C-C33DCD4EA658}.Debug|iPhoneSimulator.Build.0 = Debug|Any CPU
		{84CB972C-158B-4114-8B4C-C33DCD4EA658}.Debug|iPhoneSimulator.Deploy.0 = Debug|Any CPU
		{84CB972C-158B-4114-8B4C-C33DCD4EA658}.Release|Any CPU.ActiveCfg = Release|Any CPU
		{84CB972C-158B-4114-8B4C-C33DCD4EA658}.Release|Any CPU.Build.0 = Release|Any CPU
		{84CB972C-158B-4114-8B4C-C33DCD4EA658}.Release|Any CPU.Deploy.0 = Release|Any CPU
		{84CB972C-158B-4114-8B4C-C33DCD4EA658}.Release|iPhone.ActiveCfg = Release|Any CPU
		{84CB972C-158B-4114-8B4C-C33DCD4EA658}.Release|iPhone.Build.0 = Release|Any CPU
		{84CB972C-158B-4114-8B4C-C33DCD4EA658}.Release|iPhone.Deploy.0 = Release|Any CPU
		{84CB972C-158B-4114-8B4C-C33DCD4EA658}.Release|iPhoneSimulator.ActiveCfg = Release|Any CPU
		{84CB972C-158B-4114-8B4C-C33DCD4EA658}.Release|iPhoneSimulator.Build.0 = Release|Any CPU
		{84CB972C-158B-4114-8B4C-C33DCD4EA658}.Release|iPhoneSimulator.Deploy.0 = Release|Any CPU
	EndGlobalSection
	GlobalSection(SolutionProperties) = preSolution
		HideSolutionNode = FALSE
	EndGlobalSection
	GlobalSection(ExtensibilityGlobals) = postSolution
		SolutionGuid = {F87958CD-817A-4352-9DEA-17C6249A6413}
	EndGlobalSection
EndGlobal
